<?xml version="1.0" encoding="UTF-8"?>
<CONFIG>
  <ProjectOptions>
    <Version Value="12"/>
    <PathDelim Value="\"/>
    <General>
      <SessionStorage Value="InProjectDir"/>
      <Title Value="prjSCO"/>
      <Scaled Value="True"/>
      <ResourceType Value="res"/>
      <UseXPManifest Value="True"/>
      <XPManifest>
        <DpiAware Value="True"/>
      </XPManifest>
      <Icon Value="0"/>
    </General>
    <BuildModes>
      <Item Name="Default" Default="True"/>
    </BuildModes>
    <PublishOptions>
      <Version Value="2"/>
      <UseFileFilters Value="True"/>
    </PublishOptions>
    <RunParams>
      <FormatVersion Value="2"/>
    </RunParams>
    <RequiredPackages>
      <Item>
        <PackageName Value="lazreport"/>
      </Item>
      <Item>
        <PackageName Value="DateTimeCtrlsDsgn"/>
      </Item>
      <Item>
        <PackageName Value="DateTimeCtrls"/>
      </Item>
      <Item>
        <PackageName Value="zcomponentdesign"/>
      </Item>
      <Item>
        <PackageName Value="zcomponent"/>
      </Item>
      <Item>
        <PackageName Value="FCL"/>
      </Item>
      <Item>
        <PackageName Value="LCL"/>
      </Item>
    </RequiredPackages>
    <Units>
      <Unit>
        <Filename Value="prjSCO.lpr"/>
        <IsPartOfProject Value="True"/>
      </Unit>
      <Unit>
        <Filename Value="menuprincipal.pas"/>
        <IsPartOfProject Value="True"/>
        <ComponentName Value="MenuPrincipalF"/>
        <HasResources Value="True"/>
        <ResourceBaseClass Value="Form"/>
        <UnitName Value="MenuPrincipal"/>
      </Unit>
      <Unit>
        <Filename Value="cadmodelo.pas"/>
        <IsPartOfProject Value="True"/>
        <ComponentName Value="CadModeloF"/>
        <HasResources Value="True"/>
        <ResourceBaseClass Value="Form"/>
        <UnitName Value="CadModelo"/>
      </Unit>
      <Unit>
        <Filename Value="cadcategoria.pas"/>
        <IsPartOfProject Value="True"/>
        <ComponentName Value="CadCategoriaF"/>
        <HasResources Value="True"/>
        <ResourceBaseClass Value="Form"/>
        <UnitName Value="CadCategoria"/>
      </Unit>
      <Unit>
        <Filename Value="dmprincipal.pas"/>
        <IsPartOfProject Value="True"/>
        <ComponentName Value="DataModule1"/>
        <HasResources Value="True"/>
        <ResourceBaseClass Value="DataModule"/>
        <UnitName Value="dmPrincipal"/>
      </Unit>
      <Unit>
        <Filename Value="cadcliente.pas"/>
        <IsPartOfProject Value="True"/>
        <ComponentName Value="CadClienteF"/>
        <HasResources Value="True"/>
        <ResourceBaseClass Value="Form"/>
        <UnitName Value="CadCliente"/>
      </Unit>
      <Unit>
        <Filename Value="cadproduto.pas"/>
        <IsPartOfProject Value="True"/>
        <ComponentName Value="CadProdutoF"/>
        <HasResources Value="True"/>
        <ResourceBaseClass Value="Form"/>
        <UnitName Value="CadProduto"/>
      </Unit>
      <Unit>
        <Filename Value="cadusuario.pas"/>
        <IsPartOfProject Value="True"/>
        <ComponentName Value="CadUsuarioF"/>
        <HasResources Value="True"/>
        <ResourceBaseClass Value="Form"/>
        <UnitName Value="CadUsuario"/>
      </Unit>
      <Unit>
        <Filename Value="cadorcamento.pas"/>
        <IsPartOfProject Value="True"/>
        <ComponentName Value="CadOrcamentoF"/>
        <HasResources Value="True"/>
        <ResourceBaseClass Value="Form"/>
        <UnitName Value="CadOrcamento"/>
      </Unit>
      <Unit>
        <Filename Value="relclientes.pas"/>
        <IsPartOfProject Value="True"/>
        <ComponentName Value="relClientesF"/>
        <HasResources Value="True"/>
        <ResourceBaseClass Value="Form"/>
        <UnitName Value="relClientes"/>
      </Unit>
      <Unit>
        <Filename Value="caditemorc.pas"/>
        <IsPartOfProject Value="True"/>
        <ComponentName Value="CadItemOrcF"/>
        <HasResources Value="True"/>
        <ResourceBaseClass Value="Form"/>
        <UnitName Value="CadItemOrc"/>
      </Unit>
      <Unit>
        <Filename Value="telapesqcliente.pas"/>
        <IsPartOfProject Value="True"/>
        <ComponentName Value="TelaPesqClienteF"/>
        <HasResources Value="True"/>
        <ResourceBaseClass Value="Form"/>
        <UnitName Value="TelaPesqCliente"/>
      </Unit>
      <Unit>
        <Filename Value="relcategoria.pas"/>
        <IsPartOfProject Value="True"/>
        <ComponentName Value="relCategoriaF"/>
        <HasResources Value="True"/>
        <ResourceBaseClass Value="Form"/>
        <UnitName Value="relCategoria"/>
      </Unit>
      <Unit>
        <Filename Value="sobre.pas"/>
        <IsPartOfProject Value="True"/>
        <ComponentName Value="sobreF"/>
        <HasResources Value="True"/>
        <ResourceBaseClass Value="Form"/>
      </Unit>
      <Unit>
        <Filename Value="telapesqproduto.pas"/>
        <IsPartOfProject Value="True"/>
        <ComponentName Value="TelaPesqProdutoF"/>
        <HasResources Value="True"/>
        <ResourceBaseClass Value="Form"/>
        <UnitName Value="TelaPesqProduto"/>
      </Unit>
      <Unit>
        <Filename Value="telapesqcategoria.pas"/>
        <IsPartOfProject Value="True"/>
        <ComponentName Value="TelaPesqCategoriaG"/>
        <HasResources Value="True"/>
        <ResourceBaseClass Value="Form"/>
        <UnitName Value="TelaPesqCategoria"/>
      </Unit>
      <Unit>
        <Filename Value="relorcamento.pas"/>
        <IsPartOfProject Value="True"/>
        <ComponentName Value="relOrcamentoF"/>
        <ResourceBaseClass Value="Form"/>
        <UnitName Value="relOrcamento"/>
      </Unit>
    </Units>
  </ProjectOptions>
  <CompilerOptions>
    <Version Value="11"/>
    <PathDelim Value="\"/>
    <Target>
      <Filename Value="prjSCO"/>
    </Target>
    <SearchPaths>
      <IncludeFiles Value="$(ProjOutDir)"/>
      <UnitOutputDirectory Value="lib\$(TargetCPU)-$(TargetOS)"/>
    </SearchPaths>
    <Linking>
      <Debugging>
        <DebugInfoType Value="dsDwarf3"/>
      </Debugging>
      <Options>
        <Win32>
          <GraphicApplication Value="True"/>
        </Win32>
      </Options>
    </Linking>
  </CompilerOptions>
  <Debugging>
    <Exceptions>
      <Item>
        <Name Value="EAbort"/>
      </Item>
      <Item>
        <Name Value="ECodetoolError"/>
      </Item>
      <Item>
        <Name Value="EFOpenError"/>
      </Item>
    </Exceptions>
  </Debugging>
</CONFIG>
